
Microsoft Visual Studio Solution File, Format Version 12.00
# Visual Studio Version 16
VisualStudioVersion = 16.0.29905.134
MinimumVisualStudioVersion = 10.0.40219.1
Project("{FAE04EC0-301F-11D3-BF4B-00C04F79EFBC}") = "Builder", "Builder\Builder.csproj", "{EB123248-87EC-4446-AB69-B3E0A4EAD748}"
EndProject
Global
	GlobalSection(SolutionConfigurationPlatforms) = preSolution
		Debug|Any CPU = Debug|Any CPU
		Release|Any CPU = Release|Any CPU
	EndGlobalSection
	GlobalSection(ProjectConfigurationPlatforms) = postSolution
		{EB123248-87EC-4446-AB69-B3E0A4EAD748}.Debug|Any CPU.ActiveCfg = Debug|Any CPU
		{EB123248-87EC-4446-AB69-B3E0A4EAD748}.Debug|Any CPU.Build.0 = Debug|Any CPU
		{EB123248-87EC-4446-AB69-B3E0A4EAD748}.Release|Any CPU.ActiveCfg = Release|Any CPU
		{EB123248-87EC-4446-AB69-B3E0A4EAD748}.Release|Any CPU.Build.0 = Release|Any CPU
	EndGlobalSection
	GlobalSection(SolutionProperties) = preSolution
		HideSolutionNode = FALSE
	EndGlobalSection
	GlobalSection(ExtensibilityGlobals) = postSolution
		SolutionGuid = {1AABE276-ABA9-4CA2-9DC3-650F26BE34FA}
	EndGlobalSection
EndGlobal
